// !$*UTF8*$!
{
	archiveVersion = 1;
	classes = {
	};
	objectVersion = 50;
	objects = {

/* Begin PBXBuildFile section */
		1D05E619260FF47D0041A180 /* AppDelegate.swift in Sources */ = {isa = PBXBuildFile; fileRef = 1D05E618260FF47D0041A180 /* AppDelegate.swift */; };
		1D05E61B260FF47D0041A180 /* SceneDelegate.swift in Sources */ = {isa = PBXBuildFile; fileRef = 1D05E61A260FF47D0041A180 /* SceneDelegate.swift */; };
		1D05E61D260FF47D0041A180 /* ViewController.swift in Sources */ = {isa = PBXBuildFile; fileRef = 1D05E61C260FF47D0041A180 /* ViewController.swift */; };
		1D05E620260FF47D0041A180 /* Main.storyboard in Resources */ = {isa = PBXBuildFile; fileRef = 1D05E61E260FF47D0041A180 /* Main.storyboard */; };
		1D05E622260FF4810041A180 /* Assets.xcassets in Resources */ = {isa = PBXBuildFile; fileRef = 1D05E621260FF4810041A180 /* Assets.xcassets */; };
		1D05E625260FF4810041A180 /* LaunchScreen.storyboard in Resources */ = {isa = PBXBuildFile; fileRef = 1D05E623260FF4810041A180 /* LaunchScreen.storyboard */; };
		1D05E630260FF4820041A180 /* RecipeManagerTests.swift in Sources */ = {isa = PBXBuildFile; fileRef = 1D05E62F260FF4820041A180 /* RecipeManagerTests.swift */; };
		1D05E63B260FF4820041A180 /* RecipeManagerUITests.swift in Sources */ = {isa = PBXBuildFile; fileRef = 1D05E63A260FF4820041A180 /* RecipeManagerUITests.swift */; };
		1D05E65326100F320041A180 /* Recipe.swift in Sources */ = {isa = PBXBuildFile; fileRef = 1D05E65226100F320041A180 /* Recipe.swift */; };
		1D05E6582610FCCC0041A180 /* RecipeStore.swift in Sources */ = {isa = PBXBuildFile; fileRef = 1D05E6572610FCCC0041A180 /* RecipeStore.swift */; };
/* End PBXBuildFile section */

/* Begin PBXContainerItemProxy section */
		1D05E62C260FF4820041A180 /* PBXContainerItemProxy */ = {
			isa = PBXContainerItemProxy;
			containerPortal = 1D05E60D260FF47D0041A180 /* Project object */;
			proxyType = 1;
			remoteGlobalIDString = 1D05E614260FF47D0041A180;
			remoteInfo = RecipeManager;
		};
		1D05E637260FF4820041A180 /* PBXContainerItemProxy */ = {
			isa = PBXContainerItemProxy;
			containerPortal = 1D05E60D260FF47D0041A180 /* Project object */;
			proxyType = 1;
			remoteGlobalIDString = 1D05E614260FF47D0041A180;
			remoteInfo = RecipeManager;
		};
/* End PBXContainerItemProxy section */

/* Begin PBXFileReference section */
		1D05E615260FF47D0041A180 /* RecipeManager.app */ = {isa = PBXFileReference; explicitFileType = wrapper.application; includeInIndex = 0; path = RecipeManager.app; sourceTree = BUILT_PRODUCTS_DIR; };
		1D05E618260FF47D0041A180 /* AppDelegate.swift */ = {isa = PBXFileReference; lastKnownFileType = sourcecode.swift; path = AppDelegate.swift; sourceTree = "<group>"; };
		1D05E61A260FF47D0041A180 /* SceneDelegate.swift */ = {isa = PBXFileReference; lastKnownFileType = sourcecode.swift; path = SceneDelegate.swift; sourceTree = "<group>"; };
		1D05E61C260FF47D0041A180 /* ViewController.swift */ = {isa = PBXFileReference; lastKnownFileType = sourcecode.swift; path = ViewController.swift; sourceTree = "<group>"; };
		1D05E61F260FF47D0041A180 /* Base */ = {isa = PBXFileReference; lastKnownFileType = file.storyboard; name = Base; path = Base.lproj/Main.storyboard; sourceTree = "<group>"; };
		1D05E621260FF4810041A180 /* Assets.xcassets */ = {isa = PBXFileReference; lastKnownFileType = folder.assetcatalog; path = Assets.xcassets; sourceTree = "<group>"; };
		1D05E624260FF4810041A180 /* Base */ = {isa = PBXFileReference; lastKnownFileType = file.storyboard; name = Base; path = Base.lproj/LaunchScreen.storyboard; sourceTree = "<group>"; };
		1D05E626260FF4810041A180 /* Info.plist */ = {isa = PBXFileReference; lastKnownFileType = text.plist.xml; path = Info.plist; sourceTree = "<group>"; };
		1D05E62B260FF4820041A180 /* RecipeManagerTests.xctest */ = {isa = PBXFileReference; explicitFileType = wrapper.cfbundle; includeInIndex = 0; path = RecipeManagerTests.xctest; sourceTree = BUILT_PRODUCTS_DIR; };
		1D05E62F260FF4820041A180 /* RecipeManagerTests.swift */ = {isa = PBXFileReference; lastKnownFileType = sourcecode.swift; path = RecipeManagerTests.swift; sourceTree = "<group>"; };
		1D05E631260FF4820041A180 /* Info.plist */ = {isa = PBXFileReference; lastKnownFileType = text.plist.xml; path = Info.plist; sourceTree = "<group>"; };
		1D05E636260FF4820041A180 /* RecipeManagerUITests.xctest */ = {isa = PBXFileReference; explicitFileType = wrapper.cfbundle; includeInIndex = 0; path = RecipeManagerUITests.xctest; sourceTree = BUILT_PRODUCTS_DIR; };
		1D05E63A260FF4820041A180 /* RecipeManagerUITests.swift */ = {isa = PBXFileReference; lastKnownFileType = sourcecode.swift; path = RecipeManagerUITests.swift; sourceTree = "<group>"; };
		1D05E63C260FF4820041A180 /* Info.plist */ = {isa = PBXFileReference; lastKnownFileType = text.plist.xml; path = Info.plist; sourceTree = "<group>"; };
		1D05E65226100F320041A180 /* Recipe.swift */ = {isa = PBXFileReference; lastKnownFileType = sourcecode.swift; path = Recipe.swift; sourceTree = "<group>"; };
		1D05E6572610FCCC0041A180 /* RecipeStore.swift */ = {isa = PBXFileReference; lastKnownFileType = sourcecode.swift; path = RecipeStore.swift; sourceTree = "<group>"; };
/* End PBXFileReference section */

/* Begin PBXFrameworksBuildPhase section */
		1D05E612260FF47D0041A180 /* Frameworks */ = {
			isa = PBXFrameworksBuildPhase;
			buildActionMask = 2147483647;
			files = (
			);
			runOnlyForDeploymentPostprocessing = 0;
		};
		1D05E628260FF4820041A180 /* Frameworks */ = {
			isa = PBXFrameworksBuildPhase;
			buildActionMask = 2147483647;
			files = (
			);
			runOnlyForDeploymentPostprocessing = 0;
		};
		1D05E633260FF4820041A180 /* Frameworks */ = {
			isa = PBXFrameworksBuildPhase;
			buildActionMask = 2147483647;
			files = (
			);
			runOnlyForDeploymentPostprocessing = 0;
		};
/* End PBXFrameworksBuildPhase section */

/* Begin PBXGroup section */
		1D05E60C260FF47D0041A180 = {
			isa = PBXGroup;
			children = (
				1D05E617260FF47D0041A180 /* RecipeManager */,
				1D05E62E260FF4820041A180 /* RecipeManagerTests */,
				1D05E639260FF4820041A180 /* RecipeManagerUITests */,
				1D05E616260FF47D0041A180 /* Products */,
			);
			sourceTree = "<group>";
		};
		1D05E616260FF47D0041A180 /* Products */ = {
			isa = PBXGroup;
			children = (
				1D05E615260FF47D0041A180 /* RecipeManager.app */,
				1D05E62B260FF4820041A180 /* RecipeManagerTests.xctest */,
				1D05E636260FF4820041A180 /* RecipeManagerUITests.xctest */,
			);
			name = Products;
			sourceTree = "<group>";
		};
		1D05E617260FF47D0041A180 /* RecipeManager */ = {
			isa = PBXGroup;
			children = (
				1D05E64E26100E760041A180 /* controller */,
				1D05E64D26100E6E0041A180 /* model */,
				1D05E64C26100E540041A180 /* view */,
				1D05E618260FF47D0041A180 /* AppDelegate.swift */,
				1D05E61A260FF47D0041A180 /* SceneDelegate.swift */,
				1D05E61E260FF47D0041A180 /* Main.storyboard */,
				1D05E623260FF4810041A180 /* LaunchScreen.storyboard */,
				1D05E621260FF4810041A180 /* Assets.xcassets */,
				1D05E626260FF4810041A180 /* Info.plist */,
			);
			path = RecipeManager;
			sourceTree = "<group>";
		};
		1D05E62E260FF4820041A180 /* RecipeManagerTests */ = {
			isa = PBXGroup;
			children = (
				1D05E62F260FF4820041A180 /* RecipeManagerTests.swift */,
				1D05E631260FF4820041A180 /* Info.plist */,
			);
			path = RecipeManagerTests;
			sourceTree = "<group>";
		};
		1D05E639260FF4820041A180 /* RecipeManagerUITests */ = {
			isa = PBXGroup;
			children = (
				1D05E63A260FF4820041A180 /* RecipeManagerUITests.swift */,
				1D05E63C260FF4820041A180 /* Info.plist */,
			);
			path = RecipeManagerUITests;
			sourceTree = "<group>";
		};
		1D05E64C26100E540041A180 /* view */ = {
			isa = PBXGroup;
			children = (
			);
			path = view;
			sourceTree = "<group>";
		};
		1D05E64D26100E6E0041A180 /* model */ = {
			isa = PBXGroup;
			children = (
				1D05E65226100F320041A180 /* Recipe.swift */,
				1D05E6572610FCCC0041A180 /* RecipeStore.swift */,
			);
			path = model;
			sourceTree = "<group>";
		};
		1D05E64E26100E760041A180 /* controller */ = {
			isa = PBXGroup;
			children = (
				1D05E61C260FF47D0041A180 /* ViewController.swift */,
			);
			path = controller;
			sourceTree = "<group>";
		};
/* End PBXGroup section */

/* Begin PBXNativeTarget section */
		1D05E614260FF47D0041A180 /* RecipeManager */ = {
			isa = PBXNativeTarget;
			buildConfigurationList = 1D05E63F260FF4820041A180 /* Build configuration list for PBXNativeTarget "RecipeManager" */;
			buildPhases = (
				1D05E611260FF47D0041A180 /* Sources */,
				1D05E612260FF47D0041A180 /* Frameworks */,
				1D05E613260FF47D0041A180 /* Resources */,
			);
			buildRules = (
			);
			dependencies = (
			);
			name = RecipeManager;
			productName = RecipeManager;
			productReference = 1D05E615260FF47D0041A180 /* RecipeManager.app */;
			productType = "com.apple.product-type.application";
		};
		1D05E62A260FF4820041A180 /* RecipeManagerTests */ = {
			isa = PBXNativeTarget;
			buildConfigurationList = 1D05E642260FF4820041A180 /* Build configuration list for PBXNativeTarget "RecipeManagerTests" */;
			buildPhases = (
				1D05E627260FF4820041A180 /* Sources */,
				1D05E628260FF4820041A180 /* Frameworks */,
				1D05E629260FF4820041A180 /* Resources */,
			);
			buildRules = (
			);
			dependencies = (
				1D05E62D260FF4820041A180 /* PBXTargetDependency */,
			);
			name = RecipeManagerTests;
			productName = RecipeManagerTests;
			productReference = 1D05E62B260FF4820041A180 /* RecipeManagerTests.xctest */;
			productType = "com.apple.product-type.bundle.unit-test";
		};
		1D05E635260FF4820041A180 /* RecipeManagerUITests */ = {
			isa = PBXNativeTarget;
			buildConfigurationList = 1D05E645260FF4820041A180 /* Build configuration list for PBXNativeTarget "RecipeManagerUITests" */;
			buildPhases = (
				1D05E632260FF4820041A180 /* Sources */,
				1D05E633260FF4820041A180 /* Frameworks */,
				1D05E634260FF4820041A180 /* Resources */,
			);
			buildRules = (
			);
			dependencies = (
				1D05E638260FF4820041A180 /* PBXTargetDependency */,
			);
			name = RecipeManagerUITests;
			productName = RecipeManagerUITests;
			productReference = 1D05E636260FF4820041A180 /* RecipeManagerUITests.xctest */;
			productType = "com.apple.product-type.bundle.ui-testing";
		};
/* End PBXNativeTarget section */

/* Begin PBXProject section */
		1D05E60D260FF47D0041A180 /* Project object */ = {
			isa = PBXProject;
			attributes = {
				LastSwiftUpdateCheck = 1240;
				LastUpgradeCheck = 1240;
				TargetAttributes = {
					1D05E614260FF47D0041A180 = {
						CreatedOnToolsVersion = 12.4;
					};
					1D05E62A260FF4820041A180 = {
						CreatedOnToolsVersion = 12.4;
						TestTargetID = 1D05E614260FF47D0041A180;
					};
					1D05E635260FF4820041A180 = {
						CreatedOnToolsVersion = 12.4;
						TestTargetID = 1D05E614260FF47D0041A180;
					};
				};
			};
			buildConfigurationList = 1D05E610260FF47D0041A180 /* Build configuration list for PBXProject "RecipeManager" */;
			compatibilityVersion = "Xcode 9.3";
			developmentRegion = en;
			hasScannedForEncodings = 0;
			knownRegions = (
				en,
				Base,
			);
			mainGroup = 1D05E60C260FF47D0041A180;
			productRefGroup = 1D05E616260FF47D0041A180 /* Products */;
			projectDirPath = "";
			projectRoot = "";
			targets = (
				1D05E614260FF47D0041A180 /* RecipeManager */,
				1D05E62A260FF4820041A180 /* RecipeManagerTests */,
				1D05E635260FF4820041A180 /* RecipeManagerUITests */,
			);
		};
/* End PBXProject section */

/* Begin PBXResourcesBuildPhase section */
		1D05E613260FF47D0041A180 /* Resources */ = {
			isa = PBXResourcesBuildPhase;
			buildActionMask = 2147483647;
			files = (
				1D05E625260FF4810041A180 /* LaunchScreen.storyboard in Resources */,
				1D05E622260FF4810041A180 /* Assets.xcassets in Resources */,
				1D05E620260FF47D0041A180 /* Main.storyboard in Resources */,
			);
			runOnlyForDeploymentPostprocessing = 0;
		};
		1D05E629260FF4820041A180 /* Resources */ = {
			isa = PBXResourcesBuildPhase;
			buildActionMask = 2147483647;
			files = (
			);
			runOnlyForDeploymentPostprocessing = 0;
		};
		1D05E634260FF4820041A180 /* Resources */ = {
			isa = PBXResourcesBuildPhase;
			buildActionMask = 2147483647;
			files = (
			);
			runOnlyForDeploymentPostprocessing = 0;
		};
/* End PBXResourcesBuildPhase section */

/* Begin PBXSourcesBuildPhase section */
		1D05E611260FF47D0041A180 /* Sources */ = {
			isa = PBXSourcesBuildPhase;
			buildActionMask = 2147483647;
			files = (
				1D05E61D260FF47D0041A180 /* ViewController.swift in Sources */,
				1D05E619260FF47D0041A180 /* AppDelegate.swift in Sources */,
				1D05E61B260FF47D0041A180 /* SceneDelegate.swift in Sources */,
				1D05E65326100F320041A180 /* Recipe.swift in Sources */,
				1D05E6582610FCCC0041A180 /* RecipeStore.swift in Sources */,
			);
			runOnlyForDeploymentPostprocessing = 0;
		};
		1D05E627260FF4820041A180 /* Sources */ = {
			isa = PBXSourcesBuildPhase;
			buildActionMask = 2147483647;
			files = (
				1D05E630260FF4820041A180 /* RecipeManagerTests.swift in Sources */,
			);
			runOnlyForDeploymentPostprocessing = 0;
		};
		1D05E632260FF4820041A180 /* Sources */ = {
			isa = PBXSourcesBuildPhase;
			buildActionMask = 2147483647;
			files = (
				1D05E63B260FF4820041A180 /* RecipeManagerUITests.swift in Sources */,
			);
			runOnlyForDeploymentPostprocessing = 0;
		};
/* End PBXSourcesBuildPhase section */

/* Begin PBXTargetDependency section */
		1D05E62D260FF4820041A180 /* PBXTargetDependency */ = {
			isa = PBXTargetDependency;
			target = 1D05E614260FF47D0041A180 /* RecipeManager */;
			targetProxy = 1D05E62C260FF4820041A180 /* PBXContainerItemProxy */;
		};
		1D05E638260FF4820041A180 /* PBXTargetDependency */ = {
			isa = PBXTargetDependency;
			target = 1D05E614260FF47D0041A180 /* RecipeManager */;
			targetProxy = 1D05E637260FF4820041A180 /* PBXContainerItemProxy */;
		};
/* End PBXTargetDependency section */

/* Begin PBXVariantGroup section */
		1D05E61E260FF47D0041A180 /* Main.storyboard */ = {
			isa = PBXVariantGroup;
			children = (
				1D05E61F260FF47D0041A180 /* Base */,
			);
			name = Main.storyboard;
			sourceTree = "<group>";
		};
		1D05E623260FF4810041A180 /* LaunchScreen.storyboard */ = {
			isa = PBXVariantGroup;
			children = (
				1D05E624260FF4810041A180 /* Base */,
			);
			name = LaunchScreen.storyboard;
			sourceTree = "<group>";
		};
/* End PBXVariantGroup section */

/* Begin XCBuildConfiguration section */
		1D05E63D260FF4820041A180 /* Debug */ = {
			isa = XCBuildConfiguration;
			buildSettings = {
				ALWAYS_SEARCH_USER_PATHS = NO;
				CLANG_ANALYZER_NONNULL = YES;
				CLANG_ANALYZER_NUMBER_OBJECT_CONVERSION = YES_AGGRESSIVE;
				CLANG_CXX_LANGUAGE_STANDARD = "gnu++14";
				CLANG_CXX_LIBRARY = "libc++";
				CLANG_ENABLE_MODULES = YES;
				CLANG_ENABLE_OBJC_ARC = YES;
				CLANG_ENABLE_OBJC_WEAK = YES;
				CLANG_WARN_BLOCK_CAPTURE_AUTORELEASING = YES;
				CLANG_WARN_BOOL_CONVERSION = YES;
				CLANG_WARN_COMMA = YES;
				CLANG_WARN_CONSTANT_CONVERSION = YES;
				CLANG_WARN_DEPRECATED_OBJC_IMPLEMENTATIONS = YES;
				CLANG_WARN_DIRECT_OBJC_ISA_USAGE = YES_ERROR;
				CLANG_WARN_DOCUMENTATION_COMMENTS = YES;
				CLANG_WARN_EMPTY_BODY = YES;
				CLANG_WARN_ENUM_CONVERSION = YES;
				CLANG_WARN_INFINITE_RECURSION = YES;
				CLANG_WARN_INT_CONVERSION = YES;
				CLANG_WARN_NON_LITERAL_NULL_CONVERSION = YES;
				CLANG_WARN_OBJC_IMPLICIT_RETAIN_SELF = YES;
				CLANG_WARN_OBJC_LITERAL_CONVERSION = YES;
				CLANG_WARN_OBJC_ROOT_CLASS = YES_ERROR;
				CLANG_WARN_QUOTED_INCLUDE_IN_FRAMEWORK_HEADER = YES;
				CLANG_WARN_RANGE_LOOP_ANALYSIS = YES;
				CLANG_WARN_STRICT_PROTOTYPES = YES;
				CLANG_WARN_SUSPICIOUS_MOVE = YES;
				CLANG_WARN_UNGUARDED_AVAILABILITY = YES_AGGRESSIVE;
				CLANG_WARN_UNREACHABLE_CODE = YES;
				CLANG_WARN__DUPLICATE_METHOD_MATCH = YES;
				COPY_PHASE_STRIP = NO;
				DEBUG_INFORMATION_FORMAT = dwarf;
				ENABLE_STRICT_OBJC_MSGSEND = YES;
				ENABLE_TESTABILITY = YES;
				GCC_C_LANGUAGE_STANDARD = gnu11;
				GCC_DYNAMIC_NO_PIC = NO;
				GCC_NO_COMMON_BLOCKS = YES;
				GCC_OPTIMIZATION_LEVEL = 0;
				GCC_PREPROCESSOR_DEFINITIONS = (
					"DEBUG=1",
					"$(inherited)",
				);
				GCC_WARN_64_TO_32_BIT_CONVERSION = YES;
				GCC_WARN_ABOUT_RETURN_TYPE = YES_ERROR;
				GCC_WARN_UNDECLARED_SELECTOR = YES;
				GCC_WARN_UNINITIALIZED_AUTOS = YES_AGGRESSIVE;
				GCC_WARN_UNUSED_FUNCTION = YES;
				GCC_WARN_UNUSED_VARIABLE = YES;
				IPHONEOS_DEPLOYMENT_TARGET = 14.4;
				MTL_ENABLE_DEBUG_INFO = INCLUDE_SOURCE;
				MTL_FAST_MATH = YES;
				ONLY_ACTIVE_ARCH = YES;
				SDKROOT = iphoneos;
				SWIFT_ACTIVE_COMPILATION_CONDITIONS = DEBUG;
				SWIFT_OPTIMIZATION_LEVEL = "-Onone";
			};
			name = Debug;
		};
		1D05E63E260FF4820041A180 /* Release */ = {
			isa = XCBuildConfiguration;
			buildSettings = {
				ALWAYS_SEARCH_USER_PATHS = NO;
				CLANG_ANALYZER_NONNULL = YES;
				CLANG_ANALYZER_NUMBER_OBJECT_CONVERSION = YES_AGGRESSIVE;
				CLANG_CXX_LANGUAGE_STANDARD = "gnu++14";
				CLANG_CXX_LIBRARY = "libc++";
				CLANG_ENABLE_MODULES = YES;
				CLANG_ENABLE_OBJC_ARC = YES;
				CLANG_ENABLE_OBJC_WEAK = YES;
				CLANG_WARN_BLOCK_CAPTURE_AUTORELEASING = YES;
				CLANG_WARN_BOOL_CONVERSION = YES;
				CLANG_WARN_COMMA = YES;
				CLANG_WARN_CONSTANT_CONVERSION = YES;
				CLANG_WARN_DEPRECATED_OBJC_IMPLEMENTATIONS = YES;
				CLANG_WARN_DIRECT_OBJC_ISA_USAGE = YES_ERROR;
				CLANG_WARN_DOCUMENTATION_COMMENTS = YES;
				CLANG_WARN_EMPTY_BODY = YES;
				CLANG_WARN_ENUM_CONVERSION = YES;
				CLANG_WARN_INFINITE_RECURSION = YES;
				CLANG_WARN_INT_CONVERSION = YES;
				CLANG_WARN_NON_LITERAL_NULL_CONVERSION = YES;
				CLANG_WARN_OBJC_IMPLICIT_RETAIN_SELF = YES;
				CLANG_WARN_OBJC_LITERAL_CONVERSION = YES;
				CLANG_WARN_OBJC_ROOT_CLASS = YES_ERROR;
				CLANG_WARN_QUOTED_INCLUDE_IN_FRAMEWORK_HEADER = YES;
				CLANG_WARN_RANGE_LOOP_ANALYSIS = YES;
				CLANG_WARN_STRICT_PROTOTYPES = YES;
				CLANG_WARN_SUSPICIOUS_MOVE = YES;
				CLANG_WARN_UNGUARDED_AVAILABILITY = YES_AGGRESSIVE;
				CLANG_WARN_UNREACHABLE_CODE = YES;
				CLANG_WARN__DUPLICATE_METHOD_MATCH = YES;
				COPY_PHASE_STRIP = NO;
				DEBUG_INFORMATION_FORMAT = "dwarf-with-dsym";
				ENABLE_NS_ASSERTIONS = NO;
				ENABLE_STRICT_OBJC_MSGSEND = YES;
				GCC_C_LANGUAGE_STANDARD = gnu11;
				GCC_NO_COMMON_BLOCKS = YES;
				GCC_WARN_64_TO_32_BIT_CONVERSION = YES;
				GCC_WARN_ABOUT_RETURN_TYPE = YES_ERROR;
				GCC_WARN_UNDECLARED_SELECTOR = YES;
				GCC_WARN_UNINITIALIZED_AUTOS = YES_AGGRESSIVE;
				GCC_WARN_UNUSED_FUNCTION = YES;
				GCC_WARN_UNUSED_VARIABLE = YES;
				IPHONEOS_DEPLOYMENT_TARGET = 14.4;
				MTL_ENABLE_DEBUG_INFO = NO;
				MTL_FAST_MATH = YES;
				SDKROOT = iphoneos;
				SWIFT_COMPILATION_MODE = wholemodule;
				SWIFT_OPTIMIZATION_LEVEL = "-O";
				VALIDATE_PRODUCT = YES;
			};
			name = Release;
		};
		1D05E640260FF4820041A180 /* Debug */ = {
			isa = XCBuildConfiguration;
			buildSettings = {
				ASSETCATALOG_COMPILER_APPICON_NAME = AppIcon;
				ASSETCATALOG_COMPILER_GLOBAL_ACCENT_COLOR_NAME = AccentColor;
				CODE_SIGN_STYLE = Automatic;
				DEVELOPMENT_TEAM = U6R9RZDLQ5;
				INFOPLIST_FILE = RecipeManager/Info.plist;
				LD_RUNPATH_SEARCH_PATHS = (
					"$(inherited)",
					"@executable_path/Frameworks",
				);
				PRODUCT_BUNDLE_IDENTIFIER = nz.co.karelpeeters.RecipeManager;
				PRODUCT_NAME = "$(TARGET_NAME)";
				SWIFT_VERSION = 5.0;
				TARGETED_DEVICE_FAMILY = "1,2";
			};
			name = Debug;
		};
		1D05E641260FF4820041A180 /* Release */ = {
			isa = XCBuildConfiguration;
			buildSettings = {
				ASSETCATALOG_COMPILER_APPICON_NAME = AppIcon;
				ASSETCATALOG_COMPILER_GLOBAL_ACCENT_COLOR_NAME = AccentColor;
				CODE_SIGN_STYLE = Automatic;
				DEVELOPMENT_TEAM = U6R9RZDLQ5;
				INFOPLIST_FILE = RecipeManager/Info.plist;
				LD_RUNPATH_SEARCH_PATHS = (
					"$(inherited)",
					"@executable_path/Frameworks",
				);
				PRODUCT_BUNDLE_IDENTIFIER = nz.co.karelpeeters.RecipeManager;
				PRODUCT_NAME = "$(TARGET_NAME)";
				SWIFT_VERSION = 5.0;
				TARGETED_DEVICE_FAMILY = "1,2";
			};
			name = Release;
		};
		1D05E643260FF4820041A180 /* Debug */ = {
			isa = XCBuildConfiguration;
			buildSettings = {
				ALWAYS_EMBED_SWIFT_STANDARD_LIBRARIES = YES;
				BUNDLE_LOADER = "$(TEST_HOST)";
				CODE_SIGN_STYLE = Automatic;
				DEVELOPMENT_TEAM = U6R9RZDLQ5;
				INFOPLIST_FILE = RecipeManagerTests/Info.plist;
				IPHONEOS_DEPLOYMENT_TARGET = 14.4;
				LD_RUNPATH_SEARCH_PATHS = (
					"$(inherited)",
					"@executable_path/Frameworks",
					"@loader_path/Frameworks",
				);
				PRODUCT_BUNDLE_IDENTIFIER = nz.co.karelpeeters.RecipeManagerTests;
				PRODUCT_NAME = "$(TARGET_NAME)";
				SWIFT_VERSION = 5.0;
				TARGETED_DEVICE_FAMILY = "1,2";
				TEST_HOST = "$(BUILT_PRODUCTS_DIR)/RecipeManager.app/RecipeManager";
			};
			name = Debug;
		};
		1D05E644260FF4820041A180 /* Release */ = {
			isa = XCBuildConfiguration;
			buildSettings = {
				ALWAYS_EMBED_SWIFT_STANDARD_LIBRARIES = YES;
				BUNDLE_LOADER = "$(TEST_HOST)";
				CODE_SIGN_STYLE = Automatic;
				DEVELOPMENT_TEAM = U6R9RZDLQ5;
				INFOPLIST_FILE = RecipeManagerTests/Info.plist;
				IPHONEOS_DEPLOYMENT_TARGET = 14.4;
				LD_RUNPATH_SEARCH_PATHS = (
					"$(inherited)",
					"@executable_path/Frameworks",
					"@loader_path/Frameworks",
				);
				PRODUCT_BUNDLE_IDENTIFIER = nz.co.karelpeeters.RecipeManagerTests;
				PRODUCT_NAME = "$(TARGET_NAME)";
				SWIFT_VERSION = 5.0;
				TARGETED_DEVICE_FAMILY = "1,2";
				TEST_HOST = "$(BUILT_PRODUCTS_DIR)/RecipeManager.app/RecipeManager";
			};
			name = Release;
		};
		1D05E646260FF4820041A180 /* Debug */ = {
			isa = XCBuildConfiguration;
			buildSettings = {
				ALWAYS_EMBED_SWIFT_STANDARD_LIBRARIES = YES;
				CODE_SIGN_STYLE = Automatic;
				DEVELOPMENT_TEAM = U6R9RZDLQ5;
				INFOPLIST_FILE = RecipeManagerUITests/Info.plist;
				LD_RUNPATH_SEARCH_PATHS = (
					"$(inherited)",
					"@executable_path/Frameworks",
					"@loader_path/Frameworks",
				);
				PRODUCT_BUNDLE_IDENTIFIER = nz.co.karelpeeters.RecipeManagerUITests;
				PRODUCT_NAME = "$(TARGET_NAME)";
				SWIFT_VERSION = 5.0;
				TARGETED_DEVICE_FAMILY = "1,2";
				TEST_TARGET_NAME = RecipeManager;
			};
			name = Debug;
		};
		1D05E647260FF4820041A180 /* Release */ = {
			isa = XCBuildConfiguration;
			buildSettings = {
				ALWAYS_EMBED_SWIFT_STANDARD_LIBRARIES = YES;
				CODE_SIGN_STYLE = Automatic;
				DEVELOPMENT_TEAM = U6R9RZDLQ5;
				INFOPLIST_FILE = RecipeManagerUITests/Info.plist;
				LD_RUNPATH_SEARCH_PATHS = (
					"$(inherited)",
					"@executable_path/Frameworks",
					"@loader_path/Frameworks",
				);
				PRODUCT_BUNDLE_IDENTIFIER = nz.co.karelpeeters.RecipeManagerUITests;
				PRODUCT_NAME = "$(TARGET_NAME)";
				SWIFT_VERSION = 5.0;
				TARGETED_DEVICE_FAMILY = "1,2";
				TEST_TARGET_NAME = RecipeManager;
			};
			name = Release;
		};
/* End XCBuildConfiguration section */

/* Begin XCConfigurationList section */
		1D05E610260FF47D0041A180 /* Build configuration list for PBXProject "RecipeManager" */ = {
			isa = XCConfigurationList;
			buildConfigurations = (
				1D05E63D260FF4820041A180 /* Debug */,
				1D05E63E260FF4820041A180 /* Release */,
			);
			defaultConfigurationIsVisible = 0;
			defaultConfigurationName = Release;
		};
		1D05E63F260FF4820041A180 /* Build configuration list for PBXNativeTarget "RecipeManager" */ = {
			isa = XCConfigurationList;
			buildConfigurations = (
				1D05E640260FF4820041A180 /* Debug */,
				1D05E641260FF4820041A180 /* Release */,
			);
			defaultConfigurationIsVisible = 0;
			defaultConfigurationName = Release;
		};
		1D05E642260FF4820041A180 /* Build configuration list for PBXNativeTarget "RecipeManagerTests" */ = {
			isa = XCConfigurationList;
			buildConfigurations = (
				1D05E643260FF4820041A180 /* Debug */,
				1D05E644260FF4820041A180 /* Release */,
			);
			defaultConfigurationIsVisible = 0;
			defaultConfigurationName = Release;
		};
		1D05E645260FF4820041A180 /* Build configuration list for PBXNativeTarget "RecipeManagerUITests" */ = {
			isa = XCConfigurationList;
			buildConfigurations = (
				1D05E646260FF4820041A180 /* Debug */,
				1D05E647260FF4820041A180 /* Release */,
			);
			defaultConfigurationIsVisible = 0;
			defaultConfigurationName = Release;
		};
/* End XCConfigurationList section */
	};
	rootObject = 1D05E60D260FF47D0041A180 /* Project object */;
}
